
Microsoft Visual Studio Solution File, Format Version 12.00
# Visual Studio Version 16
VisualStudioVersion = 16.0.30104.148
MinimumVisualStudioVersion = 10.0.40219.1
Project("{FAE04EC0-301F-11D3-BF4B-00C04F79EFBC}") = "ComPortRead", "ComPortRead.csproj", "{CBB52AE2-CA09-4A2A-98D1-9FDE674CA31B}"
EndProject
Global
	GlobalSection(SolutionConfigurationPlatforms) = preSolution
		Debug|Any CPU = Debug|Any CPU
		Release|Any CPU = Release|Any CPU
	EndGlobalSection
	GlobalSection(ProjectConfigurationPlatforms) = postSolution
		{CBB52AE2-CA09-4A2A-98D1-9FDE674CA31B}.Debug|Any CPU.ActiveCfg = Debug|Any CPU
		{CBB52AE2-CA09-4A2A-98D1-9FDE674CA31B}.Debug|Any CPU.Build.0 = Debug|Any CPU
		{CBB52AE2-CA09-4A2A-98D1-9FDE674CA31B}.Release|Any CPU.ActiveCfg = Release|Any CPU
		{CBB52AE2-CA09-4A2A-98D1-9FDE674CA31B}.Release|Any CPU.Build.0 = Release|Any CPU
	EndGlobalSection
	GlobalSection(SolutionProperties) = preSolution
		HideSolutionNode = FALSE
	EndGlobalSection
	GlobalSection(ExtensibilityGlobals) = postSolution
		SolutionGuid = {4C8A4DDC-DA29-49C5-A275-DC5264B558F0}
	EndGlobalSection
EndGlobal
